# THIS IS AN AUTOGENERATED FILE. DO NOT EDIT THIS FILE DIRECTLY.
# yarn lockfile v1


"@types/clean-css@*":
  version "4.2.3"
  resolved "https://registry.yarnpkg.com/@types/clean-css/-/clean-css-4.2.3.tgz#12c13cc815f5e793014ee002c6324455907d851c"
  integrity sha512-ET0ldU/vpXecy5vO8JRIhtJWSrk1vzXdJcp3Bjf8bARZynl6vfkhEKY/A7njfNIRlmyTGuVFuqnD6I3tOGdXpQ==
  dependencies:
    "@types/node" "*"
    source-map "^0.6.0"

"@types/html-minifier@^4.0.0":
  version "4.0.0"
  resolved "https://registry.yarnpkg.com/@types/html-minifier/-/html-minifier-4.0.0.tgz#2065cb9944f2d1b241146707c6935aa7b947d279"
  integrity sha512-eFnGhrKmjWBlnSGNtunetE3UU2Tc/LUl92htFslSSTmpp9EKHQVcYQadCyYfnzUEFB5G/3wLWo/USQS/mEPKrA==
  dependencies:
    "@types/clean-css" "*"
    "@types/relateurl" "*"
    "@types/uglify-js" "*"

"@types/node@*", "@types/node@^14.14.20":
  version "14.14.20"
  resolved "https://registry.yarnpkg.com/@types/node/-/node-14.14.20.tgz#f7974863edd21d1f8a494a73e8e2b3658615c340"
  integrity sha512-Y93R97Ouif9JEOWPIUyU+eyIdyRqQR0I8Ez1dzku4hDx34NWh4HbtIc3WNzwB1Y9ULvNGeu5B8h8bVL5cAk4/A==

"@types/relateurl@*":
  version "0.2.28"
  resolved "https://registry.yarnpkg.com/@types/relateurl/-/relateurl-0.2.28.tgz#6bda7db8653fa62643f5ee69e9f69c11a392e3a6"
  integrity sha1-a9p9uGU/piZD9e5p6facEaOS46Y=

"@types/uglify-js@*":
  version "3.11.1"
  resolved "https://registry.yarnpkg.com/@types/uglify-js/-/uglify-js-3.11.1.tgz#97ff30e61a0aa6876c270b5f538737e2d6ab8ceb"
  integrity sha512-7npvPKV+jINLu1SpSYVWG8KvyJBhBa8tmzMMdDoVc2pWUYHN8KIXlPJhjJ4LT97c4dXJA2SHL/q6ADbDriZN+Q==
  dependencies:
    source-map "^0.6.1"

camel-case@^3.0.0:
  version "3.0.0"
  resolved "https://registry.yarnpkg.com/camel-case/-/camel-case-3.0.0.tgz#ca3c3688a4e9cf3a4cda777dc4dcbc713249cf73"
  integrity sha1-yjw2iKTpzzpM2nd9xNy8cTJJz3M=
  dependencies:
    no-case "^2.2.0"
    upper-case "^1.1.1"

clean-css@^4.2.1:
  version "4.2.3"
  resolved "https://registry.yarnpkg.com/clean-css/-/clean-css-4.2.3.tgz#507b5de7d97b48ee53d84adb0160ff6216380f78"
  integrity sha512-VcMWDN54ZN/DS+g58HYL5/n4Zrqe8vHJpGA8KdgUXFU4fuP/aHNw8eld9SyEIyabIMJX/0RaY/fplOo5hYLSFA==
  dependencies:
    source-map "~0.6.0"

commander@^2.19.0:
  version "2.20.3"
  resolved "https://registry.yarnpkg.com/commander/-/commander-2.20.3.tgz#fd485e84c03eb4881c20722ba48035e8531aeb33"
  integrity sha512-GpVkmM8vF2vQUkj2LvZmD35JxeJOLCwJ9cUkugyk2nuhbv3+mJvpLYYt+0+USMxE+oj+ey/lJEnhZw75x/OMcQ==

fsevents@~2.1.2:
  version "2.1.3"
  resolved "https://registry.yarnpkg.com/fsevents/-/fsevents-2.1.3.tgz#fb738703ae8d2f9fe900c33836ddebee8b97f23e"
  integrity sha512-Auw9a4AxqWpa9GUfj370BMPzzyncfBABW8Mab7BGWBYDj4Isgq+cDKtx0i6u9jcX9pQDnswsaaOTgTmA5pEjuQ==

he@^1.2.0:
  version "1.2.0"
  resolved "https://registry.yarnpkg.com/he/-/he-1.2.0.tgz#84ae65fa7eafb165fddb61566ae14baf05664f0f"
  integrity sha512-F/1DnUGPopORZi0ni+CvrCgHQ5FyEAHRLSApuYWMmrbSwoN2Mn/7k+Gl38gJnR7yyDZk6WLXwiGod1JOWNDKGw==

html-minifier@^4.0.0:
  version "4.0.0"
  resolved "https://registry.yarnpkg.com/html-minifier/-/html-minifier-4.0.0.tgz#cca9aad8bce1175e02e17a8c33e46d8988889f56"
  integrity sha512-aoGxanpFPLg7MkIl/DDFYtb0iWz7jMFGqFhvEDZga6/4QTjneiD8I/NXL1x5aaoCp7FSIT6h/OhykDdPsbtMig==
  dependencies:
    camel-case "^3.0.0"
    clean-css "^4.2.1"
    commander "^2.19.0"
    he "^1.2.0"
    param-case "^2.1.1"
    relateurl "^0.2.7"
    uglify-js "^3.5.1"

lower-case@^1.1.1:
  version "1.1.4"
  resolved "https://registry.yarnpkg.com/lower-case/-/lower-case-1.1.4.tgz#9a2cabd1b9e8e0ae993a4bf7d5875c39c42e8eac"
  integrity sha1-miyr0bno4K6ZOkv31YdcOcQujqw=

no-case@^2.2.0:
  version "2.3.2"
  resolved "https://registry.yarnpkg.com/no-case/-/no-case-2.3.2.tgz#60b813396be39b3f1288a4c1ed5d1e7d28b464ac"
  integrity sha512-rmTZ9kz+f3rCvK2TD1Ue/oZlns7OGoIWP4fc3llxxRXlOkHKoWPPWJOfFYpITabSow43QJbRIoHQXtt10VldyQ==
  dependencies:
    lower-case "^1.1.1"

param-case@^2.1.1:
  version "2.1.1"
  resolved "https://registry.yarnpkg.com/param-case/-/param-case-2.1.1.tgz#df94fd8cf6531ecf75e6bef9a0858fbc72be2247"
  integrity sha1-35T9jPZTHs915r75oIWPvHK+Ikc=
  dependencies:
    no-case "^2.2.0"

relateurl@^0.2.7:
  version "0.2.7"
  resolved "https://registry.yarnpkg.com/relateurl/-/relateurl-0.2.7.tgz#54dbf377e51440aca90a4cd274600d3ff2d888a9"
  integrity sha1-VNvzd+UUQKypCkzSdGANP/LYiKk=

rollup@^2.36.1:
  version "2.36.1"
  resolved "https://registry.yarnpkg.com/rollup/-/rollup-2.36.1.tgz#2174f0c25c7b400d57b05628d0e732c7ae8d2178"
  integrity sha512-eAfqho8dyzuVvrGqpR0ITgEdq0zG2QJeWYh+HeuTbpcaXk8vNFc48B7bJa1xYosTCKx0CuW+447oQOW8HgBIZQ==
  optionalDependencies:
    fsevents "~2.1.2"

source-map@^0.6.0, source-map@^0.6.1, source-map@~0.6.0:
  version "0.6.1"
  resolved "https://registry.yarnpkg.com/source-map/-/source-map-0.6.1.tgz#74722af32e9614e9c287a8d0bbde48b5e2f1a263"
  integrity sha512-UjgapumWlbMhkBgzT7Ykc5YXUT46F0iKu8SGXq0bcwP5dz/h0Plj6enJqjz1Zbq2l5WaqYnrVbwWOWMyF3F47g==

typescript@^4.1.3:
  version "4.1.3"
  resolved "https://registry.yarnpkg.com/typescript/-/typescript-4.1.3.tgz#519d582bd94cba0cf8934c7d8e8467e473f53bb7"
  integrity sha512-B3ZIOf1IKeH2ixgHhj6la6xdwR9QrLC5d1VKeCSY4tvkqhF2eqd9O7txNlS0PO3GrBAFIdr3L1ndNwteUbZLYg==

uglify-js@^3.5.1:
  version "3.12.4"
  resolved "https://registry.yarnpkg.com/uglify-js/-/uglify-js-3.12.4.tgz#93de48bb76bb3ec0fc36563f871ba46e2ee5c7ee"
  integrity sha512-L5i5jg/SHkEqzN18gQMTWsZk3KelRsfD1wUVNqtq0kzqWQqcJjyL8yc1o8hJgRrWqrAl2mUFbhfznEIoi7zi2A==

upper-case@^1.1.1:
  version "1.1.3"
  resolved "https://registry.yarnpkg.com/upper-case/-/upper-case-1.1.3.tgz#f6b4501c2ec4cdd26ba78be7222961de77621598"
  integrity sha1-9rRQHC7EzdJrp4vnIilh3ndiFZg=
